
Microsoft Visual Studio Solution File, Format Version 12.00
# Visual Studio Version 16
VisualStudioVersion = 16.0.30907.101
MinimumVisualStudioVersion = 10.0.40219.1
Project("{FAE04EC0-301F-11D3-BF4B-00C04F79EFBC}") = "Snake", "Snake\Snake.csproj", "{F68B0BAD-DCC7-4D5D-BB6E-F9775A3FCCF2}"
EndProject
Global
	GlobalSection(SolutionConfigurationPlatforms) = preSolution
		Debug|Any CPU = Debug|Any CPU
		Release|Any CPU = Release|Any CPU
	EndGlobalSection
	GlobalSection(ProjectConfigurationPlatforms) = postSolution
		{F68B0BAD-DCC7-4D5D-BB6E-F9775A3FCCF2}.Debug|Any CPU.ActiveCfg = Debug|Any CPU
		{F68B0BAD-DCC7-4D5D-BB6E-F9775A3FCCF2}.Debug|Any CPU.Build.0 = Debug|Any CPU
		{F68B0BAD-DCC7-4D5D-BB6E-F9775A3FCCF2}.Release|Any CPU.ActiveCfg = Release|Any CPU
		{F68B0BAD-DCC7-4D5D-BB6E-F9775A3FCCF2}.Release|Any CPU.Build.0 = Release|Any CPU
	EndGlobalSection
	GlobalSection(SolutionProperties) = preSolution
		HideSolutionNode = FALSE
	EndGlobalSection
	GlobalSection(ExtensibilityGlobals) = postSolution
		SolutionGuid = {356EC291-4473-43F4-B6D6-26E167EFDE5A}
	EndGlobalSection
EndGlobal
